
Microsoft Visual Studio Solution File, Format Version 12.00
# Visual Studio 14
VisualStudioVersion = 14.0.25420.1
MinimumVisualStudioVersion = 10.0.40219.1
Project("{8BC9CEB8-8B4A-11D0-8D11-00A0C91BC942}") = "AppMFC", "AppMFC\AppMFC.vcxproj", "{A74F6DBC-5818-4C0E-A920-17C5BB39CE6A}"
EndProject
Project("{FAE04EC0-301F-11D3-BF4B-00C04F79EFBC}") = "AppWPF", "AppWPF\AppWPF.csproj", "{76E71C2F-D68C-46E0-A984-7691FFCAEA5B}"
EndProject
Project("{8BC9CEB8-8B4A-11D0-8D11-00A0C91BC942}") = "README", "README\README.vcxproj", "{60D9325D-E556-4FF9-802B-4204FA3C962C}"
EndProject
Project("{8BC9CEB8-8B4A-11D0-8D11-00A0C91BC942}") = "DLLApi1", "DLLApi1\DLLApi1.vcxproj", "{12B66908-2611-4E25-B55D-955EAAB3FEEE}"
EndProject
Project("{8BC9CEB8-8B4A-11D0-8D11-00A0C91BC942}") = "DLLApi2", "DLLApi2\DLLApi2.vcxproj", "{7236F578-EE9D-4D61-84AD-7F7DEABF1BAF}"
EndProject
Project("{8BC9CEB8-8B4A-11D0-8D11-00A0C91BC942}") = "DLLApi3", "DLLApi3\DLLApi3.vcxproj", "{4047626B-7C66-4F2C-A6AF-8EF9EEB0B1D2}"
EndProject
Project("{8BC9CEB8-8B4A-11D0-8D11-00A0C91BC942}") = "DLLApi4", "DLLApi4\DLLApi4.vcxproj", "{21C41311-2838-4068-BBFA-749B7FBE251F}"
EndProject
Global
	GlobalSection(SolutionConfigurationPlatforms) = preSolution
		Debug|Any CPU = Debug|Any CPU
		Debug|x64 = Debug|x64
		Debug|x86 = Debug|x86
		Release|Any CPU = Release|Any CPU
		Release|x64 = Release|x64
		Release|x86 = Release|x86
	EndGlobalSection
	GlobalSection(ProjectConfigurationPlatforms) = postSolution
		{A74F6DBC-5818-4C0E-A920-17C5BB39CE6A}.Debug|Any CPU.ActiveCfg = Debug|Win32
		{A74F6DBC-5818-4C0E-A920-17C5BB39CE6A}.Debug|x64.ActiveCfg = Debug|x64
		{A74F6DBC-5818-4C0E-A920-17C5BB39CE6A}.Debug|x64.Build.0 = Debug|x64
		{A74F6DBC-5818-4C0E-A920-17C5BB39CE6A}.Debug|x86.ActiveCfg = Debug|Win32
		{A74F6DBC-5818-4C0E-A920-17C5BB39CE6A}.Debug|x86.Build.0 = Debug|Win32
		{A74F6DBC-5818-4C0E-A920-17C5BB39CE6A}.Release|Any CPU.ActiveCfg = Release|Win32
		{A74F6DBC-5818-4C0E-A920-17C5BB39CE6A}.Release|x64.ActiveCfg = Release|x64
		{A74F6DBC-5818-4C0E-A920-17C5BB39CE6A}.Release|x64.Build.0 = Release|x64
		{A74F6DBC-5818-4C0E-A920-17C5BB39CE6A}.Release|x86.ActiveCfg = Release|Win32
		{A74F6DBC-5818-4C0E-A920-17C5BB39CE6A}.Release|x86.Build.0 = Release|Win32
		{76E71C2F-D68C-46E0-A984-7691FFCAEA5B}.Debug|Any CPU.ActiveCfg = Debug|Any CPU
		{76E71C2F-D68C-46E0-A984-7691FFCAEA5B}.Debug|Any CPU.Build.0 = Debug|Any CPU
		{76E71C2F-D68C-46E0-A984-7691FFCAEA5B}.Debug|x64.ActiveCfg = Debug|Any CPU
		{76E71C2F-D68C-46E0-A984-7691FFCAEA5B}.Debug|x64.Build.0 = Debug|Any CPU
		{76E71C2F-D68C-46E0-A984-7691FFCAEA5B}.Debug|x86.ActiveCfg = Debug|Any CPU
		{76E71C2F-D68C-46E0-A984-7691FFCAEA5B}.Debug|x86.Build.0 = Debug|Any CPU
		{76E71C2F-D68C-46E0-A984-7691FFCAEA5B}.Release|Any CPU.ActiveCfg = Release|Any CPU
		{76E71C2F-D68C-46E0-A984-7691FFCAEA5B}.Release|Any CPU.Build.0 = Release|Any CPU
		{76E71C2F-D68C-46E0-A984-7691FFCAEA5B}.Release|x64.ActiveCfg = Release|Any CPU
		{76E71C2F-D68C-46E0-A984-7691FFCAEA5B}.Release|x64.Build.0 = Release|Any CPU
		{76E71C2F-D68C-46E0-A984-7691FFCAEA5B}.Release|x86.ActiveCfg = Release|Any CPU
		{76E71C2F-D68C-46E0-A984-7691FFCAEA5B}.Release|x86.Build.0 = Release|Any CPU
		{60D9325D-E556-4FF9-802B-4204FA3C962C}.Debug|Any CPU.ActiveCfg = Debug|Win32
		{60D9325D-E556-4FF9-802B-4204FA3C962C}.Debug|x64.ActiveCfg = Debug|x64
		{60D9325D-E556-4FF9-802B-4204FA3C962C}.Debug|x64.Build.0 = Debug|x64
		{60D9325D-E556-4FF9-802B-4204FA3C962C}.Debug|x86.ActiveCfg = Debug|Win32
		{60D9325D-E556-4FF9-802B-4204FA3C962C}.Debug|x86.Build.0 = Debug|Win32
		{60D9325D-E556-4FF9-802B-4204FA3C962C}.Release|Any CPU.ActiveCfg = Release|Win32
		{60D9325D-E556-4FF9-802B-4204FA3C962C}.Release|x64.ActiveCfg = Release|x64
		{60D9325D-E556-4FF9-802B-4204FA3C962C}.Release|x64.Build.0 = Release|x64
		{60D9325D-E556-4FF9-802B-4204FA3C962C}.Release|x86.ActiveCfg = Release|Win32
		{60D9325D-E556-4FF9-802B-4204FA3C962C}.Release|x86.Build.0 = Release|Win32
		{12B66908-2611-4E25-B55D-955EAAB3FEEE}.Debug|Any CPU.ActiveCfg = Debug|Win32
		{12B66908-2611-4E25-B55D-955EAAB3FEEE}.Debug|x64.ActiveCfg = Debug|x64
		{12B66908-2611-4E25-B55D-955EAAB3FEEE}.Debug|x64.Build.0 = Debug|x64
		{12B66908-2611-4E25-B55D-955EAAB3FEEE}.Debug|x86.ActiveCfg = Debug|Win32
		{12B66908-2611-4E25-B55D-955EAAB3FEEE}.Debug|x86.Build.0 = Debug|Win32
		{12B66908-2611-4E25-B55D-955EAAB3FEEE}.Release|Any CPU.ActiveCfg = Release|Win32
		{12B66908-2611-4E25-B55D-955EAAB3FEEE}.Release|x64.ActiveCfg = Release|x64
		{12B66908-2611-4E25-B55D-955EAAB3FEEE}.Release|x64.Build.0 = Release|x64
		{12B66908-2611-4E25-B55D-955EAAB3FEEE}.Release|x86.ActiveCfg = Release|Win32
		{12B66908-2611-4E25-B55D-955EAAB3FEEE}.Release|x86.Build.0 = Release|Win32
		{7236F578-EE9D-4D61-84AD-7F7DEABF1BAF}.Debug|Any CPU.ActiveCfg = Debug|Win32
		{7236F578-EE9D-4D61-84AD-7F7DEABF1BAF}.Debug|x64.ActiveCfg = Debug|x64
		{7236F578-EE9D-4D61-84AD-7F7DEABF1BAF}.Debug|x64.Build.0 = Debug|x64
		{7236F578-EE9D-4D61-84AD-7F7DEABF1BAF}.Debug|x86.ActiveCfg = Debug|Win32
		{7236F578-EE9D-4D61-84AD-7F7DEABF1BAF}.Debug|x86.Build.0 = Debug|Win32
		{7236F578-EE9D-4D61-84AD-7F7DEABF1BAF}.Release|Any CPU.ActiveCfg = Release|Win32
		{7236F578-EE9D-4D61-84AD-7F7DEABF1BAF}.Release|x64.ActiveCfg = Release|x64
		{7236F578-EE9D-4D61-84AD-7F7DEABF1BAF}.Release|x64.Build.0 = Release|x64
		{7236F578-EE9D-4D61-84AD-7F7DEABF1BAF}.Release|x86.ActiveCfg = Release|Win32
		{7236F578-EE9D-4D61-84AD-7F7DEABF1BAF}.Release|x86.Build.0 = Release|Win32
		{4047626B-7C66-4F2C-A6AF-8EF9EEB0B1D2}.Debug|Any CPU.ActiveCfg = Debug|Win32
		{4047626B-7C66-4F2C-A6AF-8EF9EEB0B1D2}.Debug|x64.ActiveCfg = Debug|x64
		{4047626B-7C66-4F2C-A6AF-8EF9EEB0B1D2}.Debug|x64.Build.0 = Debug|x64
		{4047626B-7C66-4F2C-A6AF-8EF9EEB0B1D2}.Debug|x86.ActiveCfg = Debug|Win32
		{4047626B-7C66-4F2C-A6AF-8EF9EEB0B1D2}.Debug|x86.Build.0 = Debug|Win32
		{4047626B-7C66-4F2C-A6AF-8EF9EEB0B1D2}.Release|Any CPU.ActiveCfg = Release|Win32
		{4047626B-7C66-4F2C-A6AF-8EF9EEB0B1D2}.Release|x64.ActiveCfg = Release|x64
		{4047626B-7C66-4F2C-A6AF-8EF9EEB0B1D2}.Release|x64.Build.0 = Release|x64
		{4047626B-7C66-4F2C-A6AF-8EF9EEB0B1D2}.Release|x86.ActiveCfg = Release|Win32
		{4047626B-7C66-4F2C-A6AF-8EF9EEB0B1D2}.Release|x86.Build.0 = Release|Win32
		{21C41311-2838-4068-BBFA-749B7FBE251F}.Debug|Any CPU.ActiveCfg = Debug|Win32
		{21C41311-2838-4068-BBFA-749B7FBE251F}.Debug|x64.ActiveCfg = Debug|x64
		{21C41311-2838-4068-BBFA-749B7FBE251F}.Debug|x64.Build.0 = Debug|x64
		{21C41311-2838-4068-BBFA-749B7FBE251F}.Debug|x86.ActiveCfg = Debug|Win32
		{21C41311-2838-4068-BBFA-749B7FBE251F}.Debug|x86.Build.0 = Debug|Win32
		{21C41311-2838-4068-BBFA-749B7FBE251F}.Release|Any CPU.ActiveCfg = Release|Win32
		{21C41311-2838-4068-BBFA-749B7FBE251F}.Release|x64.ActiveCfg = Release|x64
		{21C41311-2838-4068-BBFA-749B7FBE251F}.Release|x64.Build.0 = Release|x64
		{21C41311-2838-4068-BBFA-749B7FBE251F}.Release|x86.ActiveCfg = Release|Win32
		{21C41311-2838-4068-BBFA-749B7FBE251F}.Release|x86.Build.0 = Release|Win32
	EndGlobalSection
	GlobalSection(SolutionProperties) = preSolution
		HideSolutionNode = FALSE
	EndGlobalSection
EndGlobal
